
Microsoft Visual Studio Solution File, Format Version 12.00
# Visual Studio 2013
VisualStudioVersion = 12.0.31101.0
MinimumVisualStudioVersion = 10.0.40219.1
Project("{FAE04EC0-301F-11D3-BF4B-00C04F79EFBC}") = "Typescript", "Typescript.csproj", "{04C652D3-9326-4601-BC97-BEF5D5A891DD}"
EndProject
Project("{2150E333-8FDC-42A3-9474-1A3956D46DE8}") = "Solution Items", "Solution Items", "{62AEEC71-EBD6-4795-9432-A1B5F37D94FE}"
	ProjectSection(SolutionItems) = preProject
		WebEssentials-Settings.json = WebEssentials-Settings.json
	EndProjectSection
EndProject
Global
	GlobalSection(SolutionConfigurationPlatforms) = preSolution
		Debug|Any CPU = Debug|Any CPU
		Release|Any CPU = Release|Any CPU
	EndGlobalSection
	GlobalSection(ProjectConfigurationPlatforms) = postSolution
		{04C652D3-9326-4601-BC97-BEF5D5A891DD}.Debug|Any CPU.ActiveCfg = Release|Any CPU
		{04C652D3-9326-4601-BC97-BEF5D5A891DD}.Debug|Any CPU.Build.0 = Release|Any CPU
		{04C652D3-9326-4601-BC97-BEF5D5A891DD}.Release|Any CPU.ActiveCfg = Release|Any CPU
		{04C652D3-9326-4601-BC97-BEF5D5A891DD}.Release|Any CPU.Build.0 = Release|Any CPU
	EndGlobalSection
	GlobalSection(SolutionProperties) = preSolution
		HideSolutionNode = FALSE
	EndGlobalSection
EndGlobal
